{
  "nodes": {
    "base16-schemes": {
      "flake": false,
      "locked": {
        "lastModified": 1696158499,
        "narHash": "sha256-5yIHgDTPjoX/3oDEfLSQ0eJZdFL1SaCfb9d6M0RmOTM=",
        "owner": "tinted-theming",
        "repo": "base16-schemes",
        "rev": "a9112eaae86d9dd8ee6bb9445b664fba2f94037a",
        "type": "github"
      },
      "original": {
        "owner": "tinted-theming",
        "repo": "base16-schemes",
        "type": "github"
      }
    },
    "deploy-rs": {
      "inputs": {
        "flake-compat": "flake-compat",
        "nixpkgs": [
          "nixpkgs"
        ],
        "utils": "utils"
      },
      "locked": {
        "lastModified": 1770019181,
        "narHash": "sha256-hwsYgDnby50JNVpTRYlF3UR/Rrpt01OrxVuryF40CFY=",
        "owner": "serokell",
        "repo": "deploy-rs",
        "rev": "77c906c0ba56aabdbc72041bf9111b565cdd6171",
        "type": "github"
      },
      "original": {
        "owner": "serokell",
        "repo": "deploy-rs",
        "type": "github"
      }
    },
    "flake-compat": {
      "flake": false,
      "locked": {
        "lastModified": 1733328505,
        "narHash": "sha256-NeCCThCEP3eCl2l/+27kNNK7QrwZB1IJCrXfrbv5oqU=",
        "owner": "edolstra",
        "repo": "flake-compat",
        "rev": "ff81ac966bb2cae68946d5ed5fc4994f96d0ffec",
        "type": "github"
      },
      "original": {
        "owner": "edolstra",
        "repo": "flake-compat",
        "type": "github"
      }
    },
    "flake-parts": {
      "inputs": {
        "nixpkgs-lib": "nixpkgs-lib"
      },
      "locked": {
        "lastModified": 1769996383,
        "narHash": "sha256-AnYjnFWgS49RlqX7LrC4uA+sCCDBj0Ry/WOJ5XWAsa0=",
        "owner": "hercules-ci",
        "repo": "flake-parts",
        "rev": "57928607ea566b5db3ad13af0e57e921e6b12381",
        "type": "github"
      },
      "original": {
        "owner": "hercules-ci",
        "repo": "flake-parts",
        "type": "github"
      }
    },
    "flake-utils": {
      "inputs": {
        "systems": "systems_2"
      },
      "locked": {
        "lastModified": 1731533236,
        "narHash": "sha256-l0KFg5HjrsfsO/JpG+r7fRrqm12kzFHyUHqHCVpMMbI=",
        "owner": "numtide",
        "repo": "flake-utils",
        "rev": "11707dc2f618dd54ca8739b309ec4fc024de578b",
        "type": "github"
      },
      "original": {
        "owner": "numtide",
        "repo": "flake-utils",
        "type": "github"
      }
    },
    "flake-utils_2": {
      "inputs": {
        "systems": "systems_3"
      },
      "locked": {
        "lastModified": 1731533236,
        "narHash": "sha256-l0KFg5HjrsfsO/JpG+r7fRrqm12kzFHyUHqHCVpMMbI=",
        "owner": "numtide",
        "repo": "flake-utils",
        "rev": "11707dc2f618dd54ca8739b309ec4fc024de578b",
        "type": "github"
      },
      "original": {
        "owner": "numtide",
        "repo": "flake-utils",
        "type": "github"
      }
    },
    "home-manager": {
      "inputs": {
        "nixpkgs": [
          "nixpkgs"
        ]
      },
      "locked": {
        "lastModified": 1770586272,
        "narHash": "sha256-Ucci8mu8QfxwzyfER2DQDbvW9t1BnTUJhBmY7ybralo=",
        "owner": "nix-community",
        "repo": "home-manager",
        "rev": "b1f916ba052341edc1f80d4b2399f1092a4873ca",
        "type": "github"
      },
      "original": {
        "owner": "nix-community",
        "repo": "home-manager",
        "type": "github"
      }
    },
    "jj-starship": {
      "inputs": {
        "flake-utils": "flake-utils",
        "nixpkgs": [
          "nixpkgs"
        ]
      },
      "locked": {
        "lastModified": 1769370163,
        "narHash": "sha256-YfcFlJsPCRfqhN+3JUWE77c+eHIp5RAu2rq/JhSxCec=",
        "owner": "dmmulroy",
        "repo": "jj-starship",
        "rev": "76cf00619b0cce5bd08a1b9a49b310ed928794d5",
        "type": "github"
      },
      "original": {
        "owner": "dmmulroy",
        "repo": "jj-starship",
        "type": "github"
      }
    },
    "nix-colors": {
      "inputs": {
        "base16-schemes": "base16-schemes",
        "nixpkgs-lib": [
          "flake-parts",
          "nixpkgs-lib"
        ]
      },
      "locked": {
        "lastModified": 1707825078,
        "narHash": "sha256-hTfge2J2W+42SZ7VHXkf4kjU+qzFqPeC9k66jAUBMHk=",
        "owner": "misterio77",
        "repo": "nix-colors",
        "rev": "b01f024090d2c4fc3152cd0cf12027a7b8453ba1",
        "type": "github"
      },
      "original": {
        "owner": "misterio77",
        "repo": "nix-colors",
        "type": "github"
      }
    },
    "nix-index-database": {
      "inputs": {
        "nixpkgs": [
          "nixpkgs"
        ]
      },
      "locked": {
        "lastModified": 1770315571,
        "narHash": "sha256-hy0gcAgAcxrnSWKGuNO+Ob0x6jQ2xkR6hoaR0qJBHYs=",
        "owner": "Mic92",
        "repo": "nix-index-database",
        "rev": "2684bb8080a6f2ca5f9d494de5ef875bc1c4ecdb",
        "type": "github"
      },
      "original": {
        "owner": "Mic92",
        "repo": "nix-index-database",
        "type": "github"
      }
    },
    "nixpkgs": {
      "locked": {
        "lastModified": 1770562336,
        "narHash": "sha256-ub1gpAONMFsT/GU2hV6ZWJjur8rJ6kKxdm9IlCT0j84=",
        "owner": "nixos",
        "repo": "nixpkgs",
        "rev": "d6c71932130818840fc8fe9509cf50be8c64634f",
        "type": "github"
      },
      "original": {
        "owner": "nixos",
        "ref": "nixos-unstable",
        "repo": "nixpkgs",
        "type": "github"
      }
    },
    "nixpkgs-lib": {
      "locked": {
        "lastModified": 1769909678,
        "narHash": "sha256-cBEymOf4/o3FD5AZnzC3J9hLbiZ+QDT/KDuyHXVJOpM=",
        "owner": "nix-community",
        "repo": "nixpkgs.lib",
        "rev": "72716169fe93074c333e8d0173151350670b824c",
        "type": "github"
      },
      "original": {
        "owner": "nix-community",
        "repo": "nixpkgs.lib",
        "type": "github"
      }
    },
    "opnix": {
      "inputs": {
        "flake-utils": "flake-utils_2",
        "nixpkgs": [
          "nixpkgs"
        ]
      },
      "locked": {
        "lastModified": 1768270397,
        "narHash": "sha256-5qBcY7sGKwrn62bjOtn/AS25+Ed4DoZbK+Q4ypxOJPI=",
        "owner": "brizzbuzz",
        "repo": "opnix",
        "rev": "4052e33f395b2be64be6457e001946c071a1b2b0",
        "type": "github"
      },
      "original": {
        "owner": "brizzbuzz",
        "repo": "opnix",
        "type": "github"
      }
    },
    "root": {
      "inputs": {
        "deploy-rs": "deploy-rs",
        "flake-parts": "flake-parts",
        "home-manager": "home-manager",
        "jj-starship": "jj-starship",
        "nix-colors": "nix-colors",
        "nix-index-database": "nix-index-database",
        "nixpkgs": "nixpkgs",
        "opnix": "opnix",
        "treefmt-nix": "treefmt-nix",
        "utils": "utils_2"
      }
    },
    "systems": {
      "locked": {
        "lastModified": 1681028828,
        "narHash": "sha256-Vy1rq5AaRuLzOxct8nz4T6wlgyUR7zLU309k9mBC768=",
        "owner": "nix-systems",
        "repo": "default",
        "rev": "da67096a3b9bf56a91d16901293e51ba5b49a27e",
        "type": "github"
      },
      "original": {
        "owner": "nix-systems",
        "repo": "default",
        "type": "github"
      }
    },
    "systems_2": {
      "locked": {
        "lastModified": 1681028828,
        "narHash": "sha256-Vy1rq5AaRuLzOxct8nz4T6wlgyUR7zLU309k9mBC768=",
        "owner": "nix-systems",
        "repo": "default",
        "rev": "da67096a3b9bf56a91d16901293e51ba5b49a27e",
        "type": "github"
      },
      "original": {
        "owner": "nix-systems",
        "repo": "default",
        "type": "github"
      }
    },
    "systems_3": {
      "locked": {
        "lastModified": 1681028828,
        "narHash": "sha256-Vy1rq5AaRuLzOxct8nz4T6wlgyUR7zLU309k9mBC768=",
        "owner": "nix-systems",
        "repo": "default",
        "rev": "da67096a3b9bf56a91d16901293e51ba5b49a27e",
        "type": "github"
      },
      "original": {
        "owner": "nix-systems",
        "repo": "default",
        "type": "github"
      }
    },
    "treefmt-nix": {
      "inputs": {
        "nixpkgs": [
          "nixpkgs"
        ]
      },
      "locked": {
        "lastModified": 1770228511,
        "narHash": "sha256-wQ6NJSuFqAEmIg2VMnLdCnUc0b7vslUohqqGGD+Fyxk=",
        "owner": "numtide",
        "repo": "treefmt-nix",
        "rev": "337a4fe074be1042a35086f15481d763b8ddc0e7",
        "type": "github"
      },
      "original": {
        "owner": "numtide",
        "repo": "treefmt-nix",
        "type": "github"
      }
    },
    "utils": {
      "inputs": {
        "systems": "systems"
      },
      "locked": {
        "lastModified": 1731533236,
        "narHash": "sha256-l0KFg5HjrsfsO/JpG+r7fRrqm12kzFHyUHqHCVpMMbI=",
        "owner": "numtide",
        "repo": "flake-utils",
        "rev": "11707dc2f618dd54ca8739b309ec4fc024de578b",
        "type": "github"
      },
      "original": {
        "owner": "numtide",
        "repo": "flake-utils",
        "type": "github"
      }
    },
    "utils_2": {
      "inputs": {
        "nixpkgs": [
          "nixpkgs"
        ]
      },
      "locked": {
        "path": "./nix-utils",
        "type": "path"
      },
      "original": {
        "path": "./nix-utils",
        "type": "path"
      },
      "parent": []
    }
  },
  "root": "root",
  "version": 7
}
